// !$*UTF8*$!
{
	archiveVersion = 1;
	classes = {
	};
	objectVersion = 46;
	objects = {

/* Begin PBXBuildFile section */
		F92D78081F1654F2004DC18E /* AppDelegate.swift in Sources */ = {isa = PBXBuildFile; fileRef = F92D78071F1654F2004DC18E /* AppDelegate.swift */; };
		F92D780A1F1654F2004DC18E /* ViewController.swift in Sources */ = {isa = PBXBuildFile; fileRef = F92D78091F1654F2004DC18E /* ViewController.swift */; };
		F92D780D1F1654F2004DC18E /* Main.storyboard in Resources */ = {isa = PBXBuildFile; fileRef = F92D780B1F1654F2004DC18E /* Main.storyboard */; };
		F92D780F1F1654F2004DC18E /* Assets.xcassets in Resources */ = {isa = PBXBuildFile; fileRef = F92D780E1F1654F2004DC18E /* Assets.xcassets */; };
		F92D78121F1654F2004DC18E /* LaunchScreen.storyboard in Resources */ = {isa = PBXBuildFile; fileRef = F92D78101F1654F2004DC18E /* LaunchScreen.storyboard */; };
		F9F18E691F1B2F7600577326 /* pageVC.swift in Sources */ = {isa = PBXBuildFile; fileRef = F9F18E681F1B2F7600577326 /* pageVC.swift */; };
		F9F18E6B1F1B34A800577326 /* cttVC.swift in Sources */ = {isa = PBXBuildFile; fileRef = F9F18E6A1F1B34A800577326 /* cttVC.swift */; };
/* End PBXBuildFile section */

/* Begin PBXFileReference section */
		F92D78041F1654F1004DC18E /* AutoLayout.app */ = {isa = PBXFileReference; explicitFileType = wrapper.application; includeInIndex = 0; path = AutoLayout.app; sourceTree = BUILT_PRODUCTS_DIR; };
		F92D78071F1654F2004DC18E /* AppDelegate.swift */ = {isa = PBXFileReference; lastKnownFileType = sourcecode.swift; path = AppDelegate.swift; sourceTree = "<group>"; };
		F92D78091F1654F2004DC18E /* ViewController.swift */ = {isa = PBXFileReference; lastKnownFileType = sourcecode.swift; path = ViewController.swift; sourceTree = "<group>"; };
		F92D780C1F1654F2004DC18E /* Base */ = {isa = PBXFileReference; lastKnownFileType = file.storyboard; name = Base; path = Base.lproj/Main.storyboard; sourceTree = "<group>"; };
		F92D780E1F1654F2004DC18E /* Assets.xcassets */ = {isa = PBXFileReference; lastKnownFileType = folder.assetcatalog; path = Assets.xcassets; sourceTree = "<group>"; };
		F92D78111F1654F2004DC18E /* Base */ = {isa = PBXFileReference; lastKnownFileType = file.storyboard; name = Base; path = Base.lproj/LaunchScreen.storyboard; sourceTree = "<group>"; };
		F92D78131F1654F2004DC18E /* Info.plist */ = {isa = PBXFileReference; lastKnownFileType = text.plist.xml; path = Info.plist; sourceTree = "<group>"; };
		F9F18E681F1B2F7600577326 /* pageVC.swift */ = {isa = PBXFileReference; fileEncoding = 4; lastKnownFileType = sourcecode.swift; path = pageVC.swift; sourceTree = "<group>"; };
		F9F18E6A1F1B34A800577326 /* cttVC.swift */ = {isa = PBXFileReference; fileEncoding = 4; lastKnownFileType = sourcecode.swift; path = cttVC.swift; sourceTree = "<group>"; };
/* End PBXFileReference section */

/* Begin PBXFrameworksBuildPhase section */
		F92D78011F1654F1004DC18E /* Frameworks */ = {
			isa = PBXFrameworksBuildPhase;
			buildActionMask = 2147483647;
			files = (
			);
			runOnlyForDeploymentPostprocessing = 0;
		};
/* End PBXFrameworksBuildPhase section */

/* Begin PBXGroup section */
		F92D77FB1F1654F1004DC18E = {
			isa = PBXGroup;
			children = (
				F92D78061F1654F2004DC18E /* AutoLayout */,
				F92D78051F1654F1004DC18E /* Products */,
			);
			sourceTree = "<group>";
		};
		F92D78051F1654F1004DC18E /* Products */ = {
			isa = PBXGroup;
			children = (
				F92D78041F1654F1004DC18E /* AutoLayout.app */,
			);
			name = Products;
			sourceTree = "<group>";
		};
		F92D78061F1654F2004DC18E /* AutoLayout */ = {
			isa = PBXGroup;
			children = (
				F92D78071F1654F2004DC18E /* AppDelegate.swift */,
				F9F18E681F1B2F7600577326 /* pageVC.swift */,
				F92D78091F1654F2004DC18E /* ViewController.swift */,
				F92D780B1F1654F2004DC18E /* Main.storyboard */,
				F9F18E6A1F1B34A800577326 /* cttVC.swift */,
				F92D780E1F1654F2004DC18E /* Assets.xcassets */,
				F92D78101F1654F2004DC18E /* LaunchScreen.storyboard */,
				F92D78131F1654F2004DC18E /* Info.plist */,
			);
			path = AutoLayout;
			sourceTree = "<group>";
		};
/* End PBXGroup section */

/* Begin PBXNativeTarget section */
		F92D78031F1654F1004DC18E /* AutoLayout */ = {
			isa = PBXNativeTarget;
			buildConfigurationList = F92D78161F1654F2004DC18E /* Build configuration list for PBXNativeTarget "AutoLayout" */;
			buildPhases = (
				F92D78001F1654F1004DC18E /* Sources */,
				F92D78011F1654F1004DC18E /* Frameworks */,
				F92D78021F1654F1004DC18E /* Resources */,
			);
			buildRules = (
			);
			dependencies = (
			);
			name = AutoLayout;
			productName = AutoLayout;
			productReference = F92D78041F1654F1004DC18E /* AutoLayout.app */;
			productType = "com.apple.product-type.application";
		};
/* End PBXNativeTarget section */

/* Begin PBXProject section */
		F92D77FC1F1654F1004DC18E /* Project object */ = {
			isa = PBXProject;
			attributes = {
				LastSwiftUpdateCheck = 0830;
				LastUpgradeCheck = 0830;
				ORGANIZATIONNAME = "楊健麟";
				TargetAttributes = {
					F92D78031F1654F1004DC18E = {
						CreatedOnToolsVersion = 8.3.3;
						DevelopmentTeam = DX2XU755YA;
						ProvisioningStyle = Automatic;
					};
				};
			};
			buildConfigurationList = F92D77FF1F1654F1004DC18E /* Build configuration list for PBXProject "AutoLayout" */;
			compatibilityVersion = "Xcode 3.2";
			developmentRegion = English;
			hasScannedForEncodings = 0;
			knownRegions = (
				en,
				Base,
			);
			mainGroup = F92D77FB1F1654F1004DC18E;
			productRefGroup = F92D78051F1654F1004DC18E /* Products */;
			projectDirPath = "";
			projectRoot = "";
			targets = (
				F92D78031F1654F1004DC18E /* AutoLayout */,
			);
		};
/* End PBXProject section */

/* Begin PBXResourcesBuildPhase section */
		F92D78021F1654F1004DC18E /* Resources */ = {
			isa = PBXResourcesBuildPhase;
			buildActionMask = 2147483647;
			files = (
				F92D78121F1654F2004DC18E /* LaunchScreen.storyboard in Resources */,
				F92D780F1F1654F2004DC18E /* Assets.xcassets in Resources */,
				F92D780D1F1654F2004DC18E /* Main.storyboard in Resources */,
			);
			runOnlyForDeploymentPostprocessing = 0;
		};
/* End PBXResourcesBuildPhase section */

/* Begin PBXSourcesBuildPhase section */
		F92D78001F1654F1004DC18E /* Sources */ = {
			isa = PBXSourcesBuildPhase;
			buildActionMask = 2147483647;
			files = (
				F92D780A1F1654F2004DC18E /* ViewController.swift in Sources */,
				F9F18E691F1B2F7600577326 /* pageVC.swift in Sources */,
				F9F18E6B1F1B34A800577326 /* cttVC.swift in Sources */,
				F92D78081F1654F2004DC18E /* AppDelegate.swift in Sources */,
			);
			runOnlyForDeploymentPostprocessing = 0;
		};
/* End PBXSourcesBuildPhase section */

/* Begin PBXVariantGroup section */
		F92D780B1F1654F2004DC18E /* Main.storyboard */ = {
			isa = PBXVariantGroup;
			children = (
				F92D780C1F1654F2004DC18E /* Base */,
			);
			name = Main.storyboard;
			sourceTree = "<group>";
		};
		F92D78101F1654F2004DC18E /* LaunchScreen.storyboard */ = {
			isa = PBXVariantGroup;
			children = (
				F92D78111F1654F2004DC18E /* Base */,
			);
			name = LaunchScreen.storyboard;
			sourceTree = "<group>";
		};
/* End PBXVariantGroup section */

/* Begin XCBuildConfiguration section */
		F92D78141F1654F2004DC18E /* Debug */ = {
			isa = XCBuildConfiguration;
			buildSettings = {
				ALWAYS_SEARCH_USER_PATHS = NO;
				CLANG_ANALYZER_NONNULL = YES;
				CLANG_ANALYZER_NUMBER_OBJECT_CONVERSION = YES_AGGRESSIVE;
				CLANG_CXX_LANGUAGE_STANDARD = "gnu++0x";
				CLANG_CXX_LIBRARY = "libc++";
				CLANG_ENABLE_MODULES = YES;
				CLANG_ENABLE_OBJC_ARC = YES;
				CLANG_WARN_BOOL_CONVERSION = YES;
				CLANG_WARN_CONSTANT_CONVERSION = YES;
				CLANG_WARN_DIRECT_OBJC_ISA_USAGE = YES_ERROR;
				CLANG_WARN_DOCUMENTATION_COMMENTS = YES;
				CLANG_WARN_EMPTY_BODY = YES;
				CLANG_WARN_ENUM_CONVERSION = YES;
				CLANG_WARN_INFINITE_RECURSION = YES;
				CLANG_WARN_INT_CONVERSION = YES;
				CLANG_WARN_OBJC_ROOT_CLASS = YES_ERROR;
				CLANG_WARN_SUSPICIOUS_MOVE = YES;
				CLANG_WARN_UNREACHABLE_CODE = YES;
				CLANG_WARN__DUPLICATE_METHOD_MATCH = YES;
				"CODE_SIGN_IDENTITY[sdk=iphoneos*]" = "iPhone Developer";
				COPY_PHASE_STRIP = NO;
				DEBUG_INFORMATION_FORMAT = dwarf;
				ENABLE_STRICT_OBJC_MSGSEND = YES;
				ENABLE_TESTABILITY = YES;
				GCC_C_LANGUAGE_STANDARD = gnu99;
				GCC_DYNAMIC_NO_PIC = NO;
				GCC_NO_COMMON_BLOCKS = YES;
				GCC_OPTIMIZATION_LEVEL = 0;
				GCC_PREPROCESSOR_DEFINITIONS = (
					"DEBUG=1",
					"$(inherited)",
				);
				GCC_WARN_64_TO_32_BIT_CONVERSION = YES;
				GCC_WARN_ABOUT_RETURN_TYPE = YES_ERROR;
				GCC_WARN_UNDECLARED_SELECTOR = YES;
				GCC_WARN_UNINITIALIZED_AUTOS = YES_AGGRESSIVE;
				GCC_WARN_UNUSED_FUNCTION = YES;
				GCC_WARN_UNUSED_VARIABLE = YES;
				IPHONEOS_DEPLOYMENT_TARGET = 10.3;
				MTL_ENABLE_DEBUG_INFO = YES;
				ONLY_ACTIVE_ARCH = YES;
				SDKROOT = iphoneos;
				SWIFT_ACTIVE_COMPILATION_CONDITIONS = DEBUG;
				SWIFT_OPTIMIZATION_LEVEL = "-Onone";
				TARGETED_DEVICE_FAMILY = "1,2";
			};
			name = Debug;
		};
		F92D78151F1654F2004DC18E /* Release */ = {
			isa = XCBuildConfiguration;
			buildSettings = {
				ALWAYS_SEARCH_USER_PATHS = NO;
				CLANG_ANALYZER_NONNULL = YES;
				CLANG_ANALYZER_NUMBER_OBJECT_CONVERSION = YES_AGGRESSIVE;
				CLANG_CXX_LANGUAGE_STANDARD = "gnu++0x";
				CLANG_CXX_LIBRARY = "libc++";
				CLANG_ENABLE_MODULES = YES;
				CLANG_ENABLE_OBJC_ARC = YES;
				CLANG_WARN_BOOL_CONVERSION = YES;
				CLANG_WARN_CONSTANT_CONVERSION = YES;
				CLANG_WARN_DIRECT_OBJC_ISA_USAGE = YES_ERROR;
				CLANG_WARN_DOCUMENTATION_COMMENTS = YES;
				CLANG_WARN_EMPTY_BODY = YES;
				CLANG_WARN_ENUM_CONVERSION = YES;
				CLANG_WARN_INFINITE_RECURSION = YES;
				CLANG_WARN_INT_CONVERSION = YES;
				CLANG_WARN_OBJC_ROOT_CLASS = YES_ERROR;
				CLANG_WARN_SUSPICIOUS_MOVE = YES;
				CLANG_WARN_UNREACHABLE_CODE = YES;
				CLANG_WARN__DUPLICATE_METHOD_MATCH = YES;
				"CODE_SIGN_IDENTITY[sdk=iphoneos*]" = "iPhone Developer";
				COPY_PHASE_STRIP = NO;
				DEBUG_INFORMATION_FORMAT = "dwarf-with-dsym";
				ENABLE_NS_ASSERTIONS = NO;
				ENABLE_STRICT_OBJC_MSGSEND = YES;
				GCC_C_LANGUAGE_STANDARD = gnu99;
				GCC_NO_COMMON_BLOCKS = YES;
				GCC_WARN_64_TO_32_BIT_CONVERSION = YES;
				GCC_WARN_ABOUT_RETURN_TYPE = YES_ERROR;
				GCC_WARN_UNDECLARED_SELECTOR = YES;
				GCC_WARN_UNINITIALIZED_AUTOS = YES_AGGRESSIVE;
				GCC_WARN_UNUSED_FUNCTION = YES;
				GCC_WARN_UNUSED_VARIABLE = YES;
				IPHONEOS_DEPLOYMENT_TARGET = 10.3;
				MTL_ENABLE_DEBUG_INFO = NO;
				SDKROOT = iphoneos;
				SWIFT_OPTIMIZATION_LEVEL = "-Owholemodule";
				TARGETED_DEVICE_FAMILY = "1,2";
				VALIDATE_PRODUCT = YES;
			};
			name = Release;
		};
		F92D78171F1654F2004DC18E /* Debug */ = {
			isa = XCBuildConfiguration;
			buildSettings = {
				ASSETCATALOG_COMPILER_APPICON_NAME = AppIcon;
				DEVELOPMENT_TEAM = DX2XU755YA;
				INFOPLIST_FILE = AutoLayout/Info.plist;
				LD_RUNPATH_SEARCH_PATHS = "$(inherited) @executable_path/Frameworks";
				PRODUCT_BUNDLE_IDENTIFIER = com.dsy.dev.AutoLayout;
				PRODUCT_NAME = "$(TARGET_NAME)";
				SWIFT_VERSION = 3.0;
			};
			name = Debug;
		};
		F92D78181F1654F2004DC18E /* Release */ = {
			isa = XCBuildConfiguration;
			buildSettings = {
				ASSETCATALOG_COMPILER_APPICON_NAME = AppIcon;
				DEVELOPMENT_TEAM = DX2XU755YA;
				INFOPLIST_FILE = AutoLayout/Info.plist;
				LD_RUNPATH_SEARCH_PATHS = "$(inherited) @executable_path/Frameworks";
				PRODUCT_BUNDLE_IDENTIFIER = com.dsy.dev.AutoLayout;
				PRODUCT_NAME = "$(TARGET_NAME)";
				SWIFT_VERSION = 3.0;
			};
			name = Release;
		};
/* End XCBuildConfiguration section */

/* Begin XCConfigurationList section */
		F92D77FF1F1654F1004DC18E /* Build configuration list for PBXProject "AutoLayout" */ = {
			isa = XCConfigurationList;
			buildConfigurations = (
				F92D78141F1654F2004DC18E /* Debug */,
				F92D78151F1654F2004DC18E /* Release */,
			);
			defaultConfigurationIsVisible = 0;
			defaultConfigurationName = Release;
		};
		F92D78161F1654F2004DC18E /* Build configuration list for PBXNativeTarget "AutoLayout" */ = {
			isa = XCConfigurationList;
			buildConfigurations = (
				F92D78171F1654F2004DC18E /* Debug */,
				F92D78181F1654F2004DC18E /* Release */,
			);
			defaultConfigurationIsVisible = 0;
			defaultConfigurationName = Release;
		};
/* End XCConfigurationList section */
	};
	rootObject = F92D77FC1F1654F1004DC18E /* Project object */;
}
